
Microsoft Visual Studio Solution File, Format Version 12.00
# Visual Studio Version 17
VisualStudioVersion = 17.0.31717.71
MinimumVisualStudioVersion = 10.0.40219.1
Project("{2150E333-8FDC-42A3-9474-1A3956D46DE8}") = ".nuget", ".nuget", "{26940D5D-5E2F-4282-B27E-E0C1FC907474}"
	ProjectSection(SolutionItems) = preProject
		.nuget\NuGet.Config = .nuget\NuGet.Config
		.nuget\NuGet.exe = .nuget\NuGet.exe
		.nuget\NuGet.targets = .nuget\NuGet.targets
	EndProjectSection
EndProject
Project("{FAE04EC0-301F-11D3-BF4B-00C04F79EFBC}") = "StravaDotNet", "StravaDotNet\StravaDotNet.csproj", "{6008920B-49EE-44F6-A97B-9FB7B6E18CED}"
EndProject
Global
	GlobalSection(SolutionConfigurationPlatforms) = preSolution
		Debug|Any CPU = Debug|Any CPU
		Release|Any CPU = Release|Any CPU
	EndGlobalSection
	GlobalSection(ProjectConfigurationPlatforms) = postSolution
		{6008920B-49EE-44F6-A97B-9FB7B6E18CED}.Debug|Any CPU.ActiveCfg = Debug|Any CPU
		{6008920B-49EE-44F6-A97B-9FB7B6E18CED}.Debug|Any CPU.Build.0 = Debug|Any CPU
		{6008920B-49EE-44F6-A97B-9FB7B6E18CED}.Release|Any CPU.ActiveCfg = Release|Any CPU
		{6008920B-49EE-44F6-A97B-9FB7B6E18CED}.Release|Any CPU.Build.0 = Release|Any CPU
	EndGlobalSection
	GlobalSection(SolutionProperties) = preSolution
		HideSolutionNode = FALSE
	EndGlobalSection
	GlobalSection(ExtensibilityGlobals) = postSolution
		SolutionGuid = {DC71E44E-3E90-4012-96D2-0A4E6DAFFF36}
	EndGlobalSection
EndGlobal
